
Microsoft Visual Studio Solution File, Format Version 12.00
# Visual Studio 15
VisualStudioVersion = 15.0.27703.2042
MinimumVisualStudioVersion = 10.0.40219.1
Project("{FAE04EC0-301F-11D3-BF4B-00C04F79EFBC}") = "FtpClient", "FtpClient\FtpClient.csproj", "{9DEB773F-7EC9-423C-ADC9-684A9F944D0F}"
EndProject
Global
	GlobalSection(SolutionConfigurationPlatforms) = preSolution
		Debug|Any CPU = Debug|Any CPU
		Release|Any CPU = Release|Any CPU
	EndGlobalSection
	GlobalSection(ProjectConfigurationPlatforms) = postSolution
		{9DEB773F-7EC9-423C-ADC9-684A9F944D0F}.Debug|Any CPU.ActiveCfg = Debug|Any CPU
		{9DEB773F-7EC9-423C-ADC9-684A9F944D0F}.Debug|Any CPU.Build.0 = Debug|Any CPU
		{9DEB773F-7EC9-423C-ADC9-684A9F944D0F}.Release|Any CPU.ActiveCfg = Release|Any CPU
		{9DEB773F-7EC9-423C-ADC9-684A9F944D0F}.Release|Any CPU.Build.0 = Release|Any CPU
	EndGlobalSection
	GlobalSection(SolutionProperties) = preSolution
		HideSolutionNode = FALSE
	EndGlobalSection
	GlobalSection(ExtensibilityGlobals) = postSolution
		SolutionGuid = {CBB9B6E0-AFD8-442E-A25F-034679D25EDA}
	EndGlobalSection
EndGlobal
